
Microsoft Visual Studio Solution File, Format Version 12.00
# Visual Studio Version 17
VisualStudioVersion = 17.11.35327.3
MinimumVisualStudioVersion = 10.0.40219.1
Project("{2150E333-8FDC-42A3-9474-1A3956D46DE8}") = "src", "src", "{290A4D3A-8C57-4EBC-B508-842B652541BC}"
EndProject
Project("{2150E333-8FDC-42A3-9474-1A3956D46DE8}") = "Core", "Core", "{A9BFAD75-938A-4448-879C-08011E89BB91}"
EndProject
Project("{2150E333-8FDC-42A3-9474-1A3956D46DE8}") = "Infrastructure", "Infrastructure", "{5ED17355-F32B-4F6D-B8B8-958EC6FAFDE0}"
EndProject
Project("{2150E333-8FDC-42A3-9474-1A3956D46DE8}") = "Presentation", "Presentation", "{78AE5537-F8AD-4860-B9AB-EFC2AA717BDC}"
EndProject
Project("{FAE04EC0-301F-11D3-BF4B-00C04F79EFBC}") = "SurveyApp.Domain", "SurveyApp.Domain\SurveyApp.Domain.csproj", "{0A15510D-C7EA-445B-AA07-898789D28C72}"
EndProject
Project("{FAE04EC0-301F-11D3-BF4B-00C04F79EFBC}") = "SurveyApp.Application", "SurveyApp.Application\SurveyApp.Application.csproj", "{D06FBCDB-124B-4E67-BB02-C46011A64706}"
EndProject
Project("{FAE04EC0-301F-11D3-BF4B-00C04F79EFBC}") = "SurveyApp.Infrastructure", "SurveyApp.Infrastructure\SurveyApp.Infrastructure.csproj", "{FC769844-EC14-43AC-A6EB-760DF012F6B9}"
EndProject
Project("{FAE04EC0-301F-11D3-BF4B-00C04F79EFBC}") = "SurveyApp.API", "SurveyApp.API\SurveyApp.API.csproj", "{43C0EB96-C58E-4C28-8562-4F3CA62E1056}"
EndProject
Global
	GlobalSection(SolutionConfigurationPlatforms) = preSolution
		Debug|Any CPU = Debug|Any CPU
		Release|Any CPU = Release|Any CPU
	EndGlobalSection
	GlobalSection(ProjectConfigurationPlatforms) = postSolution
		{0A15510D-C7EA-445B-AA07-898789D28C72}.Debug|Any CPU.ActiveCfg = Debug|Any CPU
		{0A15510D-C7EA-445B-AA07-898789D28C72}.Debug|Any CPU.Build.0 = Debug|Any CPU
		{0A15510D-C7EA-445B-AA07-898789D28C72}.Release|Any CPU.ActiveCfg = Release|Any CPU
		{0A15510D-C7EA-445B-AA07-898789D28C72}.Release|Any CPU.Build.0 = Release|Any CPU
		{D06FBCDB-124B-4E67-BB02-C46011A64706}.Debug|Any CPU.ActiveCfg = Debug|Any CPU
		{D06FBCDB-124B-4E67-BB02-C46011A64706}.Debug|Any CPU.Build.0 = Debug|Any CPU
		{D06FBCDB-124B-4E67-BB02-C46011A64706}.Release|Any CPU.ActiveCfg = Release|Any CPU
		{D06FBCDB-124B-4E67-BB02-C46011A64706}.Release|Any CPU.Build.0 = Release|Any CPU
		{FC769844-EC14-43AC-A6EB-760DF012F6B9}.Debug|Any CPU.ActiveCfg = Debug|Any CPU
		{FC769844-EC14-43AC-A6EB-760DF012F6B9}.Debug|Any CPU.Build.0 = Debug|Any CPU
		{FC769844-EC14-43AC-A6EB-760DF012F6B9}.Release|Any CPU.ActiveCfg = Release|Any CPU
		{FC769844-EC14-43AC-A6EB-760DF012F6B9}.Release|Any CPU.Build.0 = Release|Any CPU
		{43C0EB96-C58E-4C28-8562-4F3CA62E1056}.Debug|Any CPU.ActiveCfg = Debug|Any CPU
		{43C0EB96-C58E-4C28-8562-4F3CA62E1056}.Debug|Any CPU.Build.0 = Debug|Any CPU
		{43C0EB96-C58E-4C28-8562-4F3CA62E1056}.Release|Any CPU.ActiveCfg = Release|Any CPU
		{43C0EB96-C58E-4C28-8562-4F3CA62E1056}.Release|Any CPU.Build.0 = Release|Any CPU
	EndGlobalSection
	GlobalSection(SolutionProperties) = preSolution
		HideSolutionNode = FALSE
	EndGlobalSection
	GlobalSection(NestedProjects) = preSolution
		{A9BFAD75-938A-4448-879C-08011E89BB91} = {290A4D3A-8C57-4EBC-B508-842B652541BC}
		{5ED17355-F32B-4F6D-B8B8-958EC6FAFDE0} = {290A4D3A-8C57-4EBC-B508-842B652541BC}
		{78AE5537-F8AD-4860-B9AB-EFC2AA717BDC} = {290A4D3A-8C57-4EBC-B508-842B652541BC}
		{0A15510D-C7EA-445B-AA07-898789D28C72} = {A9BFAD75-938A-4448-879C-08011E89BB91}
		{D06FBCDB-124B-4E67-BB02-C46011A64706} = {A9BFAD75-938A-4448-879C-08011E89BB91}
		{FC769844-EC14-43AC-A6EB-760DF012F6B9} = {5ED17355-F32B-4F6D-B8B8-958EC6FAFDE0}
		{43C0EB96-C58E-4C28-8562-4F3CA62E1056} = {78AE5537-F8AD-4860-B9AB-EFC2AA717BDC}
	EndGlobalSection
	GlobalSection(ExtensibilityGlobals) = postSolution
		SolutionGuid = {1754829D-53C1-4359-9D60-1E8FD6559862}
	EndGlobalSection
EndGlobal
